// !$*UTF8*$!
{
	archiveVersion = 1;
	classes = {
	};
	objectVersion = 46;
	objects = {

/* Begin PBXBuildFile section */
		2C8713610D5EE7BB819B8881 /* calculatorTests.swift in Sources */ = {isa = PBXBuildFile; fileRef = 2C871EE13710668C6155EA1E /* calculatorTests.swift */; };
		2C87145A197103FE44E1BB8F /* Preview Assets.xcassets in Resources */ = {isa = PBXBuildFile; fileRef = 2C87190EFDB1BFF609EDA6F4 /* Preview Assets.xcassets */; };
		2C871886CD3B8F69FA2E2FBF /* calculatorApp.swift in Sources */ = {isa = PBXBuildFile; fileRef = 2C871B990DB8F226549D78B4 /* calculatorApp.swift */; };
		2C871977972225D1397B85D0 /* calculatorUITests.swift in Sources */ = {isa = PBXBuildFile; fileRef = 2C8717B8EEDF47B09BBDEB55 /* calculatorUITests.swift */; };
		2C8719B64EA7988ADCC7B36A /* ContentView.swift in Sources */ = {isa = PBXBuildFile; fileRef = 2C871D8A67C4F6852F873EB7 /* ContentView.swift */; };
		2C871BEE7194020BF1B62097 /* Assets.xcassets in Resources */ = {isa = PBXBuildFile; fileRef = 2C871C987087A3D8D44F4F4C /* Assets.xcassets */; };
/* End PBXBuildFile section */

/* Begin PBXContainerItemProxy section */
		2C8711F6A7D92A082229AE3C /* PBXContainerItemProxy */ = {
			isa = PBXContainerItemProxy;
			containerPortal = 2C8714E12113458CB4FC1225 /* Project object */;
			proxyType = 1;
			remoteGlobalIDString = 2C87156257348DE69DA8E578;
			remoteInfo = calculator;
		};
		2C871D7E2191D938B1F6706F /* PBXContainerItemProxy */ = {
			isa = PBXContainerItemProxy;
			containerPortal = 2C8714E12113458CB4FC1225 /* Project object */;
			proxyType = 1;
			remoteGlobalIDString = 2C87156257348DE69DA8E578;
			remoteInfo = calculator;
		};
/* End PBXContainerItemProxy section */

/* Begin PBXFileReference section */
		2C871187E4EE371AAE99C407 /* Info.plist */ = {isa = PBXFileReference; lastKnownFileType = text.plist.info; path = Info.plist; sourceTree = "<group>"; };
		2C8712B314FD765D1A6E62D0 /* Info.plist */ = {isa = PBXFileReference; lastKnownFileType = text.plist.info; path = Info.plist; sourceTree = "<group>"; };
		2C871557482E982F478040CD /* calculatorTests.xctest */ = {isa = PBXFileReference; explicitFileType = wrapper.cfbundle; includeInIndex = 0; path = calculatorTests.xctest; sourceTree = BUILT_PRODUCTS_DIR; };
		2C8715A34D36177BDA8B24AD /* calculator.app */ = {isa = PBXFileReference; explicitFileType = wrapper.application; includeInIndex = 0; path = calculator.app; sourceTree = BUILT_PRODUCTS_DIR; };
		2C8717B8EEDF47B09BBDEB55 /* calculatorUITests.swift */ = {isa = PBXFileReference; lastKnownFileType = sourcecode.swift; path = calculatorUITests.swift; sourceTree = "<group>"; };
		2C87190EFDB1BFF609EDA6F4 /* Preview Assets.xcassets */ = {isa = PBXFileReference; lastKnownFileType = folder.assetcatalog; path = "Preview Assets.xcassets"; sourceTree = "<group>"; };
		2C87193EF1ACCEA92D782812 /* calculatorUITests.xctest */ = {isa = PBXFileReference; explicitFileType = wrapper.cfbundle; includeInIndex = 0; path = calculatorUITests.xctest; sourceTree = BUILT_PRODUCTS_DIR; };
		2C8719F1D0B5D0EC5540A3F0 /* Info.plist */ = {isa = PBXFileReference; lastKnownFileType = text.plist.info; path = Info.plist; sourceTree = "<group>"; };
		2C871B990DB8F226549D78B4 /* calculatorApp.swift */ = {isa = PBXFileReference; lastKnownFileType = sourcecode.swift; path = calculatorApp.swift; sourceTree = "<group>"; };
		2C871C987087A3D8D44F4F4C /* Assets.xcassets */ = {isa = PBXFileReference; lastKnownFileType = folder.assetcatalog; path = Assets.xcassets; sourceTree = "<group>"; };
		2C871D8A67C4F6852F873EB7 /* ContentView.swift */ = {isa = PBXFileReference; lastKnownFileType = sourcecode.swift; path = ContentView.swift; sourceTree = "<group>"; };
		2C871EE13710668C6155EA1E /* calculatorTests.swift */ = {isa = PBXFileReference; lastKnownFileType = sourcecode.swift; path = calculatorTests.swift; sourceTree = "<group>"; };
/* End PBXFileReference section */

/* Begin PBXFrameworksBuildPhase section */
		2C871155F7966FC911F2B71F /* Frameworks */ = {
			isa = PBXFrameworksBuildPhase;
			buildActionMask = 2147483647;
			files = (
			);
			runOnlyForDeploymentPostprocessing = 0;
		};
		2C871711A9FAA0C24A972139 /* Frameworks */ = {
			isa = PBXFrameworksBuildPhase;
			buildActionMask = 2147483647;
			files = (
			);
			runOnlyForDeploymentPostprocessing = 0;
		};
		2C871DEAAC0816C7F9951214 /* Frameworks */ = {
			isa = PBXFrameworksBuildPhase;
			buildActionMask = 2147483647;
			files = (
			);
			runOnlyForDeploymentPostprocessing = 0;
		};
/* End PBXFrameworksBuildPhase section */

/* Begin PBXGroup section */
		2C871306632FA382222D0573 /* calculatorTests */ = {
			isa = PBXGroup;
			children = (
				2C871187E4EE371AAE99C407 /* Info.plist */,
				2C871EE13710668C6155EA1E /* calculatorTests.swift */,
			);
			path = calculatorTests;
			sourceTree = "<group>";
		};
		2C871367EFFBF5A7286D4424 /* calculator */ = {
			isa = PBXGroup;
			children = (
				2C8712B314FD765D1A6E62D0 /* Info.plist */,
				2C871C987087A3D8D44F4F4C /* Assets.xcassets */,
				2C871A27C190BEF4FB9A114B /* Preview Content */,
				2C871B990DB8F226549D78B4 /* calculatorApp.swift */,
				2C871D8A67C4F6852F873EB7 /* ContentView.swift */,
			);
			path = calculator;
			sourceTree = "<group>";
		};
		2C87152E88FF2F19FFD6E2CC /* calculatorUITests */ = {
			isa = PBXGroup;
			children = (
				2C8719F1D0B5D0EC5540A3F0 /* Info.plist */,
				2C8717B8EEDF47B09BBDEB55 /* calculatorUITests.swift */,
			);
			path = calculatorUITests;
			sourceTree = "<group>";
		};
		2C871A27C190BEF4FB9A114B /* Preview Content */ = {
			isa = PBXGroup;
			children = (
				2C87190EFDB1BFF609EDA6F4 /* Preview Assets.xcassets */,
			);
			path = "Preview Content";
			sourceTree = "<group>";
		};
		2C871E358E7DBFFEBA9F3337 = {
			isa = PBXGroup;
			children = (
				2C871F400147190D351F515A /* Products */,
				2C871367EFFBF5A7286D4424 /* calculator */,
				2C871306632FA382222D0573 /* calculatorTests */,
				2C87152E88FF2F19FFD6E2CC /* calculatorUITests */,
			);
			sourceTree = "<group>";
		};
		2C871F400147190D351F515A /* Products */ = {
			isa = PBXGroup;
			children = (
				2C8715A34D36177BDA8B24AD /* calculator.app */,
				2C871557482E982F478040CD /* calculatorTests.xctest */,
				2C87193EF1ACCEA92D782812 /* calculatorUITests.xctest */,
			);
			name = Products;
			sourceTree = "<group>";
		};
/* End PBXGroup section */

/* Begin PBXNativeTarget section */
		2C87130C1B863892962183B5 /* calculatorTests */ = {
			isa = PBXNativeTarget;
			buildConfigurationList = 2C87144017BB20E36EFC3C19 /* Build configuration list for PBXNativeTarget "calculatorTests" */;
			buildPhases = (
				2C871E504A4D32054694E529 /* Sources */,
				2C871711A9FAA0C24A972139 /* Frameworks */,
				2C871B1DF8ACC8A88D747F69 /* Resources */,
			);
			buildRules = (
			);
			dependencies = (
				2C871D1EF5E4143408A2C420 /* PBXTargetDependency */,
			);
			name = calculatorTests;
			productName = calculatorTests;
			productReference = 2C871557482E982F478040CD /* calculatorTests.xctest */;
			productType = "com.apple.product-type.bundle.unit-test";
		};
		2C87156257348DE69DA8E578 /* calculator */ = {
			isa = PBXNativeTarget;
			buildConfigurationList = 2C87129C4F9EC2407871D90B /* Build configuration list for PBXNativeTarget "calculator" */;
			buildPhases = (
				2C87117F36A695B1DD30030F /* Sources */,
				2C871155F7966FC911F2B71F /* Frameworks */,
				2C87193D86707649F1B7A42F /* Resources */,
			);
			buildRules = (
			);
			dependencies = (
			);
			name = calculator;
			productName = calculator;
			productReference = 2C8715A34D36177BDA8B24AD /* calculator.app */;
			productType = "com.apple.product-type.application";
		};
		2C871D1D556B5197AD7F5FF7 /* calculatorUITests */ = {
			isa = PBXNativeTarget;
			buildConfigurationList = 2C871656FCFA967E6D1474C2 /* Build configuration list for PBXNativeTarget "calculatorUITests" */;
			buildPhases = (
				2C871A2E256B30F98F0BDB66 /* Sources */,
				2C871DEAAC0816C7F9951214 /* Frameworks */,
				2C8715DFBCE47B740F919AD6 /* Resources */,
			);
			buildRules = (
			);
			dependencies = (
				2C871184DC15A52362C7A4B2 /* PBXTargetDependency */,
			);
			name = calculatorUITests;
			productName = calculatorUITests;
			productReference = 2C87193EF1ACCEA92D782812 /* calculatorUITests.xctest */;
			productType = "com.apple.product-type.bundle.ui-testing";
		};
/* End PBXNativeTarget section */

/* Begin PBXProject section */
		2C8714E12113458CB4FC1225 /* Project object */ = {
			isa = PBXProject;
			buildConfigurationList = 2C871D0C2750C153C00E9F12 /* Build configuration list for PBXProject "calculator" */;
			compatibilityVersion = "Xcode 3.2";
			developmentRegion = English;
			hasScannedForEncodings = 0;
			knownRegions = (
				en,
			);
			mainGroup = 2C871E358E7DBFFEBA9F3337;
			productRefGroup = 2C871F400147190D351F515A /* Products */;
			projectDirPath = "";
			projectRoot = "";
			targets = (
				2C87156257348DE69DA8E578 /* calculator */,
				2C87130C1B863892962183B5 /* calculatorTests */,
				2C871D1D556B5197AD7F5FF7 /* calculatorUITests */,
			);
		};
/* End PBXProject section */

/* Begin PBXResourcesBuildPhase section */
		2C8715DFBCE47B740F919AD6 /* Resources */ = {
			isa = PBXResourcesBuildPhase;
			buildActionMask = 2147483647;
			files = (
			);
			runOnlyForDeploymentPostprocessing = 0;
		};
		2C87193D86707649F1B7A42F /* Resources */ = {
			isa = PBXResourcesBuildPhase;
			buildActionMask = 2147483647;
			files = (
				2C871BEE7194020BF1B62097 /* Assets.xcassets in Resources */,
				2C87145A197103FE44E1BB8F /* Preview Assets.xcassets in Resources */,
			);
			runOnlyForDeploymentPostprocessing = 0;
		};
		2C871B1DF8ACC8A88D747F69 /* Resources */ = {
			isa = PBXResourcesBuildPhase;
			buildActionMask = 2147483647;
			files = (
			);
			runOnlyForDeploymentPostprocessing = 0;
		};
/* End PBXResourcesBuildPhase section */

/* Begin PBXSourcesBuildPhase section */
		2C87117F36A695B1DD30030F /* Sources */ = {
			isa = PBXSourcesBuildPhase;
			buildActionMask = 2147483647;
			files = (
				2C871886CD3B8F69FA2E2FBF /* calculatorApp.swift in Sources */,
				2C8719B64EA7988ADCC7B36A /* ContentView.swift in Sources */,
			);
			runOnlyForDeploymentPostprocessing = 0;
		};
		2C871A2E256B30F98F0BDB66 /* Sources */ = {
			isa = PBXSourcesBuildPhase;
			buildActionMask = 2147483647;
			files = (
				2C871977972225D1397B85D0 /* calculatorUITests.swift in Sources */,
			);
			runOnlyForDeploymentPostprocessing = 0;
		};
		2C871E504A4D32054694E529 /* Sources */ = {
			isa = PBXSourcesBuildPhase;
			buildActionMask = 2147483647;
			files = (
				2C8713610D5EE7BB819B8881 /* calculatorTests.swift in Sources */,
			);
			runOnlyForDeploymentPostprocessing = 0;
		};
/* End PBXSourcesBuildPhase section */

/* Begin PBXTargetDependency section */
		2C871184DC15A52362C7A4B2 /* PBXTargetDependency */ = {
			isa = PBXTargetDependency;
			target = 2C87156257348DE69DA8E578 /* calculator */;
			targetProxy = 2C871D7E2191D938B1F6706F /* PBXContainerItemProxy */;
		};
		2C871D1EF5E4143408A2C420 /* PBXTargetDependency */ = {
			isa = PBXTargetDependency;
			target = 2C87156257348DE69DA8E578 /* calculator */;
			targetProxy = 2C8711F6A7D92A082229AE3C /* PBXContainerItemProxy */;
		};
/* End PBXTargetDependency section */

/* Begin XCBuildConfiguration section */
		2C8712299AE30B22D1D9FA32 /* Release */ = {
			isa = XCBuildConfiguration;
			buildSettings = {
				BUNDLE_LOADER = "$(BUILT_PRODUCTS_DIR)/calculator.app/calculator";
				INFOPLIST_FILE = calculatorTests/Info.plist;
				LD_RUNPATH_SEARCH_PATHS = "$(inherited) @executable_path/Frameworks @loader_path/Frameworks";
				PRODUCT_BUNDLE_IDENTIFIER = kae.experimental.calculatorTests;
				PRODUCT_NAME = "$(TARGET_NAME)";
				SWIFT_VERSION = 5.0;
				TARGETED_DEVICE_FAMILY = "1,2";
				TEST_HOST = "$(BUNDLE_LOADER)";
			};
			name = Release;
		};
		2C87168661C06212EC336198 /* Debug */ = {
			isa = XCBuildConfiguration;
			buildSettings = {
				BUNDLE_LOADER = "$(BUILT_PRODUCTS_DIR)/calculator.app/calculator";
				INFOPLIST_FILE = calculatorTests/Info.plist;
				LD_RUNPATH_SEARCH_PATHS = "$(inherited) @executable_path/Frameworks @loader_path/Frameworks";
				PRODUCT_BUNDLE_IDENTIFIER = kae.experimental.calculatorTests;
				PRODUCT_NAME = "$(TARGET_NAME)";
				SWIFT_VERSION = 5.0;
				TARGETED_DEVICE_FAMILY = "1,2";
				TEST_HOST = "$(BUNDLE_LOADER)";
			};
			name = Debug;
		};
		2C871690D98510743C2F4D65 /* Debug */ = {
			isa = XCBuildConfiguration;
			buildSettings = {
				INFOPLIST_FILE = calculatorUITests/Info.plist;
				LD_RUNPATH_SEARCH_PATHS = "$(inherited) @executable_path/Frameworks @loader_path/Frameworks";
				PRODUCT_BUNDLE_IDENTIFIER = kae.experimental.calculatorUITests;
				PRODUCT_NAME = "$(TARGET_NAME)";
				SWIFT_VERSION = 5.0;
				TARGETED_DEVICE_FAMILY = "1,2";
				TEST_TARGET_NAME = calculator;
			};
			name = Debug;
		};
		2C8716D0C929BB6D5D55C2E8 /* Debug */ = {
			isa = XCBuildConfiguration;
			buildSettings = {
				ALWAYS_SEARCH_USER_PATHS = NO;
				CLANG_ANALYZER_NONNULL = YES;
				CLANG_ANALYZER_NUMBER_OBJECT_CONVERSION = YES_AGGRESSIVE;
				CLANG_CXX_LANGUAGE_STANDARD = "gnu++14";
				CLANG_CXX_LIBRARY = "libc++";
				CLANG_ENABLE_MODULES = YES;
				CLANG_ENABLE_OBJC_ARC = YES;
				CLANG_ENABLE_OBJC_WEAK = YES;
				CLANG_WARN_BLOCK_CAPTURE_AUTORELEASING = YES;
				CLANG_WARN_BOOL_CONVERSION = YES;
				CLANG_WARN_COMMA = YES;
				CLANG_WARN_CONSTANT_CONVERSION = YES;
				CLANG_WARN_DEPRECATED_OBJC_IMPLEMENTATIONS = YES;
				CLANG_WARN_DIRECT_OBJC_ISA_USAGE = YES_ERROR;
				CLANG_WARN_DOCUMENTATION_COMMENTS = YES;
				CLANG_WARN_EMPTY_BODY = YES;
				CLANG_WARN_ENUM_CONVERSION = YES;
				CLANG_WARN_INFINITE_RECURSION = YES;
				CLANG_WARN_INT_CONVERSION = YES;
				CLANG_WARN_NON_LITERAL_NULL_CONVERSION = YES;
				CLANG_WARN_OBJC_IMPLICIT_RETAIN_SELF = YES;
				CLANG_WARN_OBJC_LITERAL_CONVERSION = YES;
				CLANG_WARN_OBJC_ROOT_CLASS = YES_ERROR;
				CLANG_WARN_QUOTED_INCLUDE_IN_FRAMEWORK_HEADER = YES;
				CLANG_WARN_RANGE_LOOP_ANALYSIS = YES;
				CLANG_WARN_STRICT_PROTOTYPES = YES;
				CLANG_WARN_SUSPICIOUS_MOVE = YES;
				CLANG_WARN_UNGUARDED_AVAILABILITY = YES_AGGRESSIVE;
				CLANG_WARN_UNREACHABLE_CODE = YES;
				CLANG_WARN__DUPLICATE_METHOD_MATCH = YES;
				COPY_PHASE_STRIP = NO;
				DEBUG_INFORMATION_FORMAT = dwarf;
				ENABLE_STRICT_OBJC_MSGSEND = YES;
				ENABLE_TESTABILITY = YES;
				GCC_C_LANGUAGE_STANDARD = gnu11;
				GCC_DYNAMIC_NO_PIC = NO;
				GCC_NO_COMMON_BLOCKS = YES;
				GCC_OPTIMIZATION_LEVEL = 0;
				GCC_PREPROCESSOR_DEFINITIONS = (
					"DEBUG=1",
					"$(inherited)",
				);
				GCC_WARN_64_TO_32_BIT_CONVERSION = YES;
				GCC_WARN_ABOUT_RETURN_TYPE = YES_ERROR;
				GCC_WARN_UNDECLARED_SELECTOR = YES;
				GCC_WARN_UNINITIALIZED_AUTOS = YES_AGGRESSIVE;
				GCC_WARN_UNUSED_FUNCTION = YES;
				GCC_WARN_UNUSED_VARIABLE = YES;
				IPHONEOS_DEPLOYMENT_TARGET = 14.4;
				MTL_ENABLE_DEBUG_INFO = INCLUDE_SOURCE;
				MTL_FAST_MATH = YES;
				ONLY_ACTIVE_ARCH = YES;
				SDKROOT = iphoneos;
				SWIFT_ACTIVE_COMPILATION_CONDITIONS = DEBUG;
				SWIFT_OPTIMIZATION_LEVEL = "-Onone";
			};
			name = Debug;
		};
		2C8718C3BEF14C51221EEAD9 /* Release */ = {
			isa = XCBuildConfiguration;
			buildSettings = {
				ALWAYS_SEARCH_USER_PATHS = NO;
				CLANG_ANALYZER_NONNULL = YES;
				CLANG_ANALYZER_NUMBER_OBJECT_CONVERSION = YES_AGGRESSIVE;
				CLANG_CXX_LANGUAGE_STANDARD = "gnu++14";
				CLANG_CXX_LIBRARY = "libc++";
				CLANG_ENABLE_MODULES = YES;
				CLANG_ENABLE_OBJC_ARC = YES;
				CLANG_ENABLE_OBJC_WEAK = YES;
				CLANG_WARN_BLOCK_CAPTURE_AUTORELEASING = YES;
				CLANG_WARN_BOOL_CONVERSION = YES;
				CLANG_WARN_COMMA = YES;
				CLANG_WARN_CONSTANT_CONVERSION = YES;
				CLANG_WARN_DEPRECATED_OBJC_IMPLEMENTATIONS = YES;
				CLANG_WARN_DIRECT_OBJC_ISA_USAGE = YES_ERROR;
				CLANG_WARN_DOCUMENTATION_COMMENTS = YES;
				CLANG_WARN_EMPTY_BODY = YES;
				CLANG_WARN_ENUM_CONVERSION = YES;
				CLANG_WARN_INFINITE_RECURSION = YES;
				CLANG_WARN_INT_CONVERSION = YES;
				CLANG_WARN_NON_LITERAL_NULL_CONVERSION = YES;
				CLANG_WARN_OBJC_IMPLICIT_RETAIN_SELF = YES;
				CLANG_WARN_OBJC_LITERAL_CONVERSION = YES;
				CLANG_WARN_OBJC_ROOT_CLASS = YES_ERROR;
				CLANG_WARN_QUOTED_INCLUDE_IN_FRAMEWORK_HEADER = YES;
				CLANG_WARN_RANGE_LOOP_ANALYSIS = YES;
				CLANG_WARN_STRICT_PROTOTYPES = YES;
				CLANG_WARN_SUSPICIOUS_MOVE = YES;
				CLANG_WARN_UNGUARDED_AVAILABILITY = YES_AGGRESSIVE;
				CLANG_WARN_UNREACHABLE_CODE = YES;
				CLANG_WARN__DUPLICATE_METHOD_MATCH = YES;
				COPY_PHASE_STRIP = NO;
				DEBUG_INFORMATION_FORMAT = "dwarf-with-dsym";
				ENABLE_NS_ASSERTIONS = NO;
				ENABLE_STRICT_OBJC_MSGSEND = YES;
				GCC_C_LANGUAGE_STANDARD = gnu11;
				GCC_NO_COMMON_BLOCKS = YES;
				GCC_WARN_64_TO_32_BIT_CONVERSION = YES;
				GCC_WARN_ABOUT_RETURN_TYPE = YES_ERROR;
				GCC_WARN_UNDECLARED_SELECTOR = YES;
				GCC_WARN_UNINITIALIZED_AUTOS = YES_AGGRESSIVE;
				GCC_WARN_UNUSED_FUNCTION = YES;
				GCC_WARN_UNUSED_VARIABLE = YES;
				IPHONEOS_DEPLOYMENT_TARGET = 14.4;
				MTL_ENABLE_DEBUG_INFO = NO;
				MTL_FAST_MATH = YES;
				SDKROOT = iphoneos;
				SWIFT_COMPILATION_MODE = wholemodule;
				SWIFT_OPTIMIZATION_LEVEL = "-O";
				VALIDATE_PRODUCT = YES;
			};
			name = Release;
		};
		2C87198B5BE37184A7CCC3AB /* Release */ = {
			isa = XCBuildConfiguration;
			buildSettings = {
				ASSETCATALOG_COMPILER_APPICON_NAME = AppIcon;
				ASSETCATALOG_COMPILER_GLOBAL_ACCENT_COLOR_NAME = AccentColor;
				DEVELOPMENT_ASSET_PATHS = "\"calculator/Preview Content\"";
				ENABLE_PREVIEWS = YES;
				INFOPLIST_FILE = calculator/Info.plist;
				IPHONEOS_DEPLOYMENT_TARGET = 14.0;
				LD_RUNPATH_SEARCH_PATHS = "$(inherited) @executable_path/Frameworks";
				PRODUCT_BUNDLE_IDENTIFIER = kae.experimental.calculator;
				PRODUCT_NAME = "$(TARGET_NAME)";
				SWIFT_VERSION = 5.0;
				TARGETED_DEVICE_FAMILY = "1,2";
			};
			name = Release;
		};
		2C871BAE5553F19873E71287 /* Release */ = {
			isa = XCBuildConfiguration;
			buildSettings = {
				INFOPLIST_FILE = calculatorUITests/Info.plist;
				LD_RUNPATH_SEARCH_PATHS = "$(inherited) @executable_path/Frameworks @loader_path/Frameworks";
				PRODUCT_BUNDLE_IDENTIFIER = kae.experimental.calculatorUITests;
				PRODUCT_NAME = "$(TARGET_NAME)";
				SWIFT_VERSION = 5.0;
				TARGETED_DEVICE_FAMILY = "1,2";
				TEST_TARGET_NAME = calculator;
			};
			name = Release;
		};
		2C871EC117C1E7E596C144F2 /* Debug */ = {
			isa = XCBuildConfiguration;
			buildSettings = {
				ASSETCATALOG_COMPILER_APPICON_NAME = AppIcon;
				ASSETCATALOG_COMPILER_GLOBAL_ACCENT_COLOR_NAME = AccentColor;
				DEVELOPMENT_ASSET_PATHS = "\"calculator/Preview Content\"";
				ENABLE_PREVIEWS = YES;
				INFOPLIST_FILE = calculator/Info.plist;
				IPHONEOS_DEPLOYMENT_TARGET = 14.0;
				LD_RUNPATH_SEARCH_PATHS = "$(inherited) @executable_path/Frameworks";
				PRODUCT_BUNDLE_IDENTIFIER = kae.experimental.calculator;
				PRODUCT_NAME = "$(TARGET_NAME)";
				SWIFT_VERSION = 5.0;
				TARGETED_DEVICE_FAMILY = "1,2";
			};
			name = Debug;
		};
/* End XCBuildConfiguration section */

/* Begin XCConfigurationList section */
		2C87129C4F9EC2407871D90B /* Build configuration list for PBXNativeTarget "calculator" */ = {
			isa = XCConfigurationList;
			buildConfigurations = (
				2C871EC117C1E7E596C144F2 /* Debug */,
				2C87198B5BE37184A7CCC3AB /* Release */,
			);
			defaultConfigurationIsVisible = 0;
		};
		2C87144017BB20E36EFC3C19 /* Build configuration list for PBXNativeTarget "calculatorTests" */ = {
			isa = XCConfigurationList;
			buildConfigurations = (
				2C87168661C06212EC336198 /* Debug */,
				2C8712299AE30B22D1D9FA32 /* Release */,
			);
			defaultConfigurationIsVisible = 0;
		};
		2C871656FCFA967E6D1474C2 /* Build configuration list for PBXNativeTarget "calculatorUITests" */ = {
			isa = XCConfigurationList;
			buildConfigurations = (
				2C871690D98510743C2F4D65 /* Debug */,
				2C871BAE5553F19873E71287 /* Release */,
			);
			defaultConfigurationIsVisible = 0;
		};
		2C871D0C2750C153C00E9F12 /* Build configuration list for PBXProject "calculator" */ = {
			isa = XCConfigurationList;
			buildConfigurations = (
				2C8716D0C929BB6D5D55C2E8 /* Debug */,
				2C8718C3BEF14C51221EEAD9 /* Release */,
			);
			defaultConfigurationIsVisible = 0;
			defaultConfigurationName = Release;
		};
/* End XCConfigurationList section */
	};
	rootObject = 2C8714E12113458CB4FC1225 /* Project object */;
}
